
Microsoft Visual Studio Solution File, Format Version 12.00
# Visual Studio Version 17
VisualStudioVersion = 17.0.31903.59
MinimumVisualStudioVersion = 10.0.40219.1
Project("{2150E333-8FDC-42A3-9474-1A3956D46DE8}") = "src", "src", "{827E0CD3-B72D-47B6-A68D-7590B98EB39B}"
EndProject
Project("{2150E333-8FDC-42A3-9474-1A3956D46DE8}") = "backend", "backend", "{FE360695-3F2B-1049-3887-35FBB5135923}"
EndProject
Project("{FAE04EC0-301F-11D3-BF4B-00C04F79EFBC}") = "Repetitio.Domain", "src\backend\Repetitio.Domain\Repetitio.Domain.csproj", "{0BCE1148-C09E-4DD0-B86B-8A0D55456D7B}"
EndProject
Project("{FAE04EC0-301F-11D3-BF4B-00C04F79EFBC}") = "Repetitio.Application", "src\backend\Repetitio.Application\Repetitio.Application.csproj", "{0008FEED-3862-4314-B8B3-9625C9AF3316}"
EndProject
Project("{FAE04EC0-301F-11D3-BF4B-00C04F79EFBC}") = "Repetitio.Infrastructure", "src\backend\Repetitio.Infrastructure\Repetitio.Infrastructure.csproj", "{40994015-E602-468C-8F27-5CC54B5239B1}"
EndProject
Project("{FAE04EC0-301F-11D3-BF4B-00C04F79EFBC}") = "Repetitio.Api", "src\backend\Repetitio.Api\Repetitio.Api.csproj", "{404E0420-705B-4324-A1D1-A0CED6276C79}"
EndProject
Project("{2150E333-8FDC-42A3-9474-1A3956D46DE8}") = "tests", "tests", "{0AB3BF05-4346-4AA6-1389-037BE0695223}"
EndProject
Project("{FAE04EC0-301F-11D3-BF4B-00C04F79EFBC}") = "Repetitio.UnitTests", "tests\Repetitio.UnitTests\Repetitio.UnitTests.csproj", "{48EBA370-F7AC-4F38-B9E0-2D0A00B8C18A}"
EndProject
Project("{E53339B2-1760-4266-BCC7-CA923CBCF16C}") = "docker-compose", "docker-compose.dcproj", "{A6E8E290-020C-4B7C-BE52-7D29AA7D35A8}"
EndProject
Global
	GlobalSection(SolutionConfigurationPlatforms) = preSolution
		Debug|Any CPU = Debug|Any CPU
		Debug|x64 = Debug|x64
		Debug|x86 = Debug|x86
		Release|Any CPU = Release|Any CPU
		Release|x64 = Release|x64
		Release|x86 = Release|x86
	EndGlobalSection
	GlobalSection(ProjectConfigurationPlatforms) = postSolution
		{0BCE1148-C09E-4DD0-B86B-8A0D55456D7B}.Debug|Any CPU.ActiveCfg = Debug|Any CPU
		{0BCE1148-C09E-4DD0-B86B-8A0D55456D7B}.Debug|Any CPU.Build.0 = Debug|Any CPU
		{0BCE1148-C09E-4DD0-B86B-8A0D55456D7B}.Debug|x64.ActiveCfg = Debug|Any CPU
		{0BCE1148-C09E-4DD0-B86B-8A0D55456D7B}.Debug|x64.Build.0 = Debug|Any CPU
		{0BCE1148-C09E-4DD0-B86B-8A0D55456D7B}.Debug|x86.ActiveCfg = Debug|Any CPU
		{0BCE1148-C09E-4DD0-B86B-8A0D55456D7B}.Debug|x86.Build.0 = Debug|Any CPU
		{0BCE1148-C09E-4DD0-B86B-8A0D55456D7B}.Release|Any CPU.ActiveCfg = Release|Any CPU
		{0BCE1148-C09E-4DD0-B86B-8A0D55456D7B}.Release|Any CPU.Build.0 = Release|Any CPU
		{0BCE1148-C09E-4DD0-B86B-8A0D55456D7B}.Release|x64.ActiveCfg = Release|Any CPU
		{0BCE1148-C09E-4DD0-B86B-8A0D55456D7B}.Release|x64.Build.0 = Release|Any CPU
		{0BCE1148-C09E-4DD0-B86B-8A0D55456D7B}.Release|x86.ActiveCfg = Release|Any CPU
		{0BCE1148-C09E-4DD0-B86B-8A0D55456D7B}.Release|x86.Build.0 = Release|Any CPU
		{0008FEED-3862-4314-B8B3-9625C9AF3316}.Debug|Any CPU.ActiveCfg = Debug|Any CPU
		{0008FEED-3862-4314-B8B3-9625C9AF3316}.Debug|Any CPU.Build.0 = Debug|Any CPU
		{0008FEED-3862-4314-B8B3-9625C9AF3316}.Debug|x64.ActiveCfg = Debug|Any CPU
		{0008FEED-3862-4314-B8B3-9625C9AF3316}.Debug|x64.Build.0 = Debug|Any CPU
		{0008FEED-3862-4314-B8B3-9625C9AF3316}.Debug|x86.ActiveCfg = Debug|Any CPU
		{0008FEED-3862-4314-B8B3-9625C9AF3316}.Debug|x86.Build.0 = Debug|Any CPU
		{0008FEED-3862-4314-B8B3-9625C9AF3316}.Release|Any CPU.ActiveCfg = Release|Any CPU
		{0008FEED-3862-4314-B8B3-9625C9AF3316}.Release|Any CPU.Build.0 = Release|Any CPU
		{0008FEED-3862-4314-B8B3-9625C9AF3316}.Release|x64.ActiveCfg = Release|Any CPU
		{0008FEED-3862-4314-B8B3-9625C9AF3316}.Release|x64.Build.0 = Release|Any CPU
		{0008FEED-3862-4314-B8B3-9625C9AF3316}.Release|x86.ActiveCfg = Release|Any CPU
		{0008FEED-3862-4314-B8B3-9625C9AF3316}.Release|x86.Build.0 = Release|Any CPU
		{40994015-E602-468C-8F27-5CC54B5239B1}.Debug|Any CPU.ActiveCfg = Debug|Any CPU
		{40994015-E602-468C-8F27-5CC54B5239B1}.Debug|Any CPU.Build.0 = Debug|Any CPU
		{40994015-E602-468C-8F27-5CC54B5239B1}.Debug|x64.ActiveCfg = Debug|Any CPU
		{40994015-E602-468C-8F27-5CC54B5239B1}.Debug|x64.Build.0 = Debug|Any CPU
		{40994015-E602-468C-8F27-5CC54B5239B1}.Debug|x86.ActiveCfg = Debug|Any CPU
		{40994015-E602-468C-8F27-5CC54B5239B1}.Debug|x86.Build.0 = Debug|Any CPU
		{40994015-E602-468C-8F27-5CC54B5239B1}.Release|Any CPU.ActiveCfg = Release|Any CPU
		{40994015-E602-468C-8F27-5CC54B5239B1}.Release|Any CPU.Build.0 = Release|Any CPU
		{40994015-E602-468C-8F27-5CC54B5239B1}.Release|x64.ActiveCfg = Release|Any CPU
		{40994015-E602-468C-8F27-5CC54B5239B1}.Release|x64.Build.0 = Release|Any CPU
		{40994015-E602-468C-8F27-5CC54B5239B1}.Release|x86.ActiveCfg = Release|Any CPU
		{40994015-E602-468C-8F27-5CC54B5239B1}.Release|x86.Build.0 = Release|Any CPU
		{404E0420-705B-4324-A1D1-A0CED6276C79}.Debug|Any CPU.ActiveCfg = Debug|Any CPU
		{404E0420-705B-4324-A1D1-A0CED6276C79}.Debug|Any CPU.Build.0 = Debug|Any CPU
		{404E0420-705B-4324-A1D1-A0CED6276C79}.Debug|x64.ActiveCfg = Debug|Any CPU
		{404E0420-705B-4324-A1D1-A0CED6276C79}.Debug|x64.Build.0 = Debug|Any CPU
		{404E0420-705B-4324-A1D1-A0CED6276C79}.Debug|x86.ActiveCfg = Debug|Any CPU
		{404E0420-705B-4324-A1D1-A0CED6276C79}.Debug|x86.Build.0 = Debug|Any CPU
		{404E0420-705B-4324-A1D1-A0CED6276C79}.Release|Any CPU.ActiveCfg = Release|Any CPU
		{404E0420-705B-4324-A1D1-A0CED6276C79}.Release|Any CPU.Build.0 = Release|Any CPU
		{404E0420-705B-4324-A1D1-A0CED6276C79}.Release|x64.ActiveCfg = Release|Any CPU
		{404E0420-705B-4324-A1D1-A0CED6276C79}.Release|x64.Build.0 = Release|Any CPU
		{404E0420-705B-4324-A1D1-A0CED6276C79}.Release|x86.ActiveCfg = Release|Any CPU
		{404E0420-705B-4324-A1D1-A0CED6276C79}.Release|x86.Build.0 = Release|Any CPU
		{48EBA370-F7AC-4F38-B9E0-2D0A00B8C18A}.Debug|Any CPU.ActiveCfg = Debug|Any CPU
		{48EBA370-F7AC-4F38-B9E0-2D0A00B8C18A}.Debug|Any CPU.Build.0 = Debug|Any CPU
		{48EBA370-F7AC-4F38-B9E0-2D0A00B8C18A}.Debug|x64.ActiveCfg = Debug|Any CPU
		{48EBA370-F7AC-4F38-B9E0-2D0A00B8C18A}.Debug|x64.Build.0 = Debug|Any CPU
		{48EBA370-F7AC-4F38-B9E0-2D0A00B8C18A}.Debug|x86.ActiveCfg = Debug|Any CPU
		{48EBA370-F7AC-4F38-B9E0-2D0A00B8C18A}.Debug|x86.Build.0 = Debug|Any CPU
		{48EBA370-F7AC-4F38-B9E0-2D0A00B8C18A}.Release|Any CPU.ActiveCfg = Release|Any CPU
		{48EBA370-F7AC-4F38-B9E0-2D0A00B8C18A}.Release|Any CPU.Build.0 = Release|Any CPU
		{48EBA370-F7AC-4F38-B9E0-2D0A00B8C18A}.Release|x64.ActiveCfg = Release|Any CPU
		{48EBA370-F7AC-4F38-B9E0-2D0A00B8C18A}.Release|x64.Build.0 = Release|Any CPU
		{48EBA370-F7AC-4F38-B9E0-2D0A00B8C18A}.Release|x86.ActiveCfg = Release|Any CPU
		{48EBA370-F7AC-4F38-B9E0-2D0A00B8C18A}.Release|x86.Build.0 = Release|Any CPU
		{A6E8E290-020C-4B7C-BE52-7D29AA7D35A8}.Debug|Any CPU.ActiveCfg = Debug|Any CPU
		{A6E8E290-020C-4B7C-BE52-7D29AA7D35A8}.Debug|x64.ActiveCfg = Debug|Any CPU
		{A6E8E290-020C-4B7C-BE52-7D29AA7D35A8}.Debug|x86.ActiveCfg = Debug|Any CPU
		{A6E8E290-020C-4B7C-BE52-7D29AA7D35A8}.Release|Any CPU.ActiveCfg = Release|Any CPU
		{A6E8E290-020C-4B7C-BE52-7D29AA7D35A8}.Release|x64.ActiveCfg = Release|Any CPU
		{A6E8E290-020C-4B7C-BE52-7D29AA7D35A8}.Release|x86.ActiveCfg = Release|Any CPU
	EndGlobalSection
	GlobalSection(SolutionProperties) = preSolution
		HideSolutionNode = FALSE
	EndGlobalSection
	GlobalSection(NestedProjects) = preSolution
		{FE360695-3F2B-1049-3887-35FBB5135923} = {827E0CD3-B72D-47B6-A68D-7590B98EB39B}
		{0BCE1148-C09E-4DD0-B86B-8A0D55456D7B} = {FE360695-3F2B-1049-3887-35FBB5135923}
		{0008FEED-3862-4314-B8B3-9625C9AF3316} = {FE360695-3F2B-1049-3887-35FBB5135923}
		{40994015-E602-468C-8F27-5CC54B5239B1} = {FE360695-3F2B-1049-3887-35FBB5135923}
		{404E0420-705B-4324-A1D1-A0CED6276C79} = {FE360695-3F2B-1049-3887-35FBB5135923}
		{48EBA370-F7AC-4F38-B9E0-2D0A00B8C18A} = {0AB3BF05-4346-4AA6-1389-037BE0695223}
	EndGlobalSection
EndGlobal
